// !$*UTF8*$!
{
	archiveVersion = 1;
	classes = {
	};
	objectVersion = 46;
	objects = {

/* Begin PBXBuildFile section */
		C980BC8A19E8FFE700398746 /* AppDelegate.m in Sources */ = {isa = PBXBuildFile; fileRef = C980BC8619E8FFE700398746 /* AppDelegate.m */; };
		C980BC8B19E8FFE700398746 /* BFGWindowController.m in Sources */ = {isa = PBXBuildFile; fileRef = C980BC8819E8FFE700398746 /* BFGWindowController.m */; };
		C980BC8C19E8FFE700398746 /* main.m in Sources */ = {isa = PBXBuildFile; fileRef = C980BC8919E8FFE700398746 /* main.m */; };
		C980BC9919E9001700398746 /* BFGWindowController.xib in Resources */ = {isa = PBXBuildFile; fileRef = C980BC8F19E8FFFB00398746 /* BFGWindowController.xib */; };
		C980BC9A19E9001700398746 /* MainMenu.xib in Resources */ = {isa = PBXBuildFile; fileRef = C980BC9119E8FFFB00398746 /* MainMenu.xib */; };
/* End PBXBuildFile section */

/* Begin PBXFileReference section */
		C980BC5C19E8FD7E00398746 /* BitmapFontGenerator.app */ = {isa = PBXFileReference; explicitFileType = wrapper.application; includeInIndex = 0; path = BitmapFontGenerator.app; sourceTree = BUILT_PRODUCTS_DIR; };
		C980BC8519E8FFE700398746 /* AppDelegate.h */ = {isa = PBXFileReference; fileEncoding = 4; lastKnownFileType = sourcecode.c.h; path = AppDelegate.h; sourceTree = "<group>"; };
		C980BC8619E8FFE700398746 /* AppDelegate.m */ = {isa = PBXFileReference; fileEncoding = 4; lastKnownFileType = sourcecode.c.objc; path = AppDelegate.m; sourceTree = "<group>"; };
		C980BC8719E8FFE700398746 /* BFGWindowController.h */ = {isa = PBXFileReference; fileEncoding = 4; lastKnownFileType = sourcecode.c.h; path = BFGWindowController.h; sourceTree = "<group>"; };
		C980BC8819E8FFE700398746 /* BFGWindowController.m */ = {isa = PBXFileReference; fileEncoding = 4; lastKnownFileType = sourcecode.c.objc; path = BFGWindowController.m; sourceTree = "<group>"; };
		C980BC8919E8FFE700398746 /* main.m */ = {isa = PBXFileReference; fileEncoding = 4; lastKnownFileType = sourcecode.c.objc; path = main.m; sourceTree = "<group>"; };
		C980BC9019E8FFFB00398746 /* Base */ = {isa = PBXFileReference; lastKnownFileType = file.xib; name = Base; path = BFGWindowController.xib; sourceTree = "<group>"; };
		C980BC9219E8FFFB00398746 /* Base */ = {isa = PBXFileReference; lastKnownFileType = file.xib; name = Base; path = MainMenu.xib; sourceTree = "<group>"; };
		C980BC9419E8FFFB00398746 /* Info.plist */ = {isa = PBXFileReference; fileEncoding = 4; lastKnownFileType = text.plist.xml; path = Info.plist; sourceTree = "<group>"; };
/* End PBXFileReference section */

/* Begin PBXFrameworksBuildPhase section */
		C980BC5919E8FD7E00398746 /* Frameworks */ = {
			isa = PBXFrameworksBuildPhase;
			buildActionMask = 2147483647;
			files = (
			);
			runOnlyForDeploymentPostprocessing = 0;
		};
/* End PBXFrameworksBuildPhase section */

/* Begin PBXGroup section */
		C980BC5319E8FD7E00398746 = {
			isa = PBXGroup;
			children = (
				C980BC8419E8FFC400398746 /* Source */,
				C980BC8D19E8FFED00398746 /* Resources */,
				C980BC5D19E8FD7E00398746 /* Products */,
			);
			sourceTree = "<group>";
		};
		C980BC5D19E8FD7E00398746 /* Products */ = {
			isa = PBXGroup;
			children = (
				C980BC5C19E8FD7E00398746 /* BitmapFontGenerator.app */,
			);
			name = Products;
			sourceTree = "<group>";
		};
		C980BC8419E8FFC400398746 /* Source */ = {
			isa = PBXGroup;
			children = (
				C980BC8519E8FFE700398746 /* AppDelegate.h */,
				C980BC8619E8FFE700398746 /* AppDelegate.m */,
				C980BC8719E8FFE700398746 /* BFGWindowController.h */,
				C980BC8819E8FFE700398746 /* BFGWindowController.m */,
				C980BC8919E8FFE700398746 /* main.m */,
			);
			name = Source;
			sourceTree = "<group>";
		};
		C980BC8D19E8FFED00398746 /* Resources */ = {
			isa = PBXGroup;
			children = (
				C980BC8F19E8FFFB00398746 /* BFGWindowController.xib */,
				C980BC9119E8FFFB00398746 /* MainMenu.xib */,
				C980BC9419E8FFFB00398746 /* Info.plist */,
			);
			name = Resources;
			sourceTree = "<group>";
		};
/* End PBXGroup section */

/* Begin PBXNativeTarget section */
		C980BC5B19E8FD7E00398746 /* BitmapFontGenerator */ = {
			isa = PBXNativeTarget;
			buildConfigurationList = C980BC7919E8FD7F00398746 /* Build configuration list for PBXNativeTarget "BitmapFontGenerator" */;
			buildPhases = (
				C980BC5819E8FD7E00398746 /* Sources */,
				C980BC5919E8FD7E00398746 /* Frameworks */,
				C980BC5A19E8FD7E00398746 /* Resources */,
			);
			buildRules = (
			);
			dependencies = (
			);
			name = BitmapFontGenerator;
			productName = BitmapFontGenerator;
			productReference = C980BC5C19E8FD7E00398746 /* BitmapFontGenerator.app */;
			productType = "com.apple.product-type.application";
		};
/* End PBXNativeTarget section */

/* Begin PBXProject section */
		C980BC5419E8FD7E00398746 /* Project object */ = {
			isa = PBXProject;
			attributes = {
				LastUpgradeCheck = 0600;
				ORGANIZATIONNAME = "Matt Sarnoff";
				TargetAttributes = {
					C980BC5B19E8FD7E00398746 = {
						CreatedOnToolsVersion = 6.0.1;
					};
				};
			};
			buildConfigurationList = C980BC5719E8FD7E00398746 /* Build configuration list for PBXProject "BitmapFontGenerator" */;
			compatibilityVersion = "Xcode 3.2";
			developmentRegion = English;
			hasScannedForEncodings = 0;
			knownRegions = (
				en,
				Base,
			);
			mainGroup = C980BC5319E8FD7E00398746;
			productRefGroup = C980BC5D19E8FD7E00398746 /* Products */;
			projectDirPath = "";
			projectRoot = "";
			targets = (
				C980BC5B19E8FD7E00398746 /* BitmapFontGenerator */,
			);
		};
/* End PBXProject section */

/* Begin PBXResourcesBuildPhase section */
		C980BC5A19E8FD7E00398746 /* Resources */ = {
			isa = PBXResourcesBuildPhase;
			buildActionMask = 2147483647;
			files = (
				C980BC9919E9001700398746 /* BFGWindowController.xib in Resources */,
				C980BC9A19E9001700398746 /* MainMenu.xib in Resources */,
			);
			runOnlyForDeploymentPostprocessing = 0;
		};
/* End PBXResourcesBuildPhase section */

/* Begin PBXSourcesBuildPhase section */
		C980BC5819E8FD7E00398746 /* Sources */ = {
			isa = PBXSourcesBuildPhase;
			buildActionMask = 2147483647;
			files = (
				C980BC8A19E8FFE700398746 /* AppDelegate.m in Sources */,
				C980BC8C19E8FFE700398746 /* main.m in Sources */,
				C980BC8B19E8FFE700398746 /* BFGWindowController.m in Sources */,
			);
			runOnlyForDeploymentPostprocessing = 0;
		};
/* End PBXSourcesBuildPhase section */

/* Begin PBXVariantGroup section */
		C980BC8F19E8FFFB00398746 /* BFGWindowController.xib */ = {
			isa = PBXVariantGroup;
			children = (
				C980BC9019E8FFFB00398746 /* Base */,
			);
			name = BFGWindowController.xib;
			path = Base.lproj;
			sourceTree = "<group>";
		};
		C980BC9119E8FFFB00398746 /* MainMenu.xib */ = {
			isa = PBXVariantGroup;
			children = (
				C980BC9219E8FFFB00398746 /* Base */,
			);
			name = MainMenu.xib;
			path = Base.lproj;
			sourceTree = "<group>";
		};
/* End PBXVariantGroup section */

/* Begin XCBuildConfiguration section */
		C980BC7719E8FD7F00398746 /* Debug */ = {
			isa = XCBuildConfiguration;
			buildSettings = {
				ALWAYS_SEARCH_USER_PATHS = NO;
				CLANG_CXX_LANGUAGE_STANDARD = "gnu++0x";
				CLANG_CXX_LIBRARY = "libc++";
				CLANG_ENABLE_MODULES = YES;
				CLANG_ENABLE_OBJC_ARC = YES;
				CLANG_WARN_BOOL_CONVERSION = YES;
				CLANG_WARN_CONSTANT_CONVERSION = YES;
				CLANG_WARN_DIRECT_OBJC_ISA_USAGE = YES_ERROR;
				CLANG_WARN_EMPTY_BODY = YES;
				CLANG_WARN_ENUM_CONVERSION = YES;
				CLANG_WARN_INT_CONVERSION = YES;
				CLANG_WARN_OBJC_ROOT_CLASS = YES_ERROR;
				CLANG_WARN_UNREACHABLE_CODE = YES;
				CLANG_WARN__DUPLICATE_METHOD_MATCH = YES;
				CODE_SIGN_IDENTITY = "-";
				COPY_PHASE_STRIP = NO;
				ENABLE_STRICT_OBJC_MSGSEND = YES;
				GCC_C_LANGUAGE_STANDARD = gnu99;
				GCC_DYNAMIC_NO_PIC = NO;
				GCC_OPTIMIZATION_LEVEL = 0;
				GCC_PREPROCESSOR_DEFINITIONS = (
					"DEBUG=1",
					"$(inherited)",
				);
				GCC_SYMBOLS_PRIVATE_EXTERN = NO;
				GCC_WARN_64_TO_32_BIT_CONVERSION = YES;
				GCC_WARN_ABOUT_RETURN_TYPE = YES_ERROR;
				GCC_WARN_UNDECLARED_SELECTOR = YES;
				GCC_WARN_UNINITIALIZED_AUTOS = YES_AGGRESSIVE;
				GCC_WARN_UNUSED_FUNCTION = YES;
				GCC_WARN_UNUSED_VARIABLE = YES;
				MACOSX_DEPLOYMENT_TARGET = 10.9;
				MTL_ENABLE_DEBUG_INFO = YES;
				ONLY_ACTIVE_ARCH = YES;
				SDKROOT = macosx;
			};
			name = Debug;
		};
		C980BC7819E8FD7F00398746 /* Release */ = {
			isa = XCBuildConfiguration;
			buildSettings = {
				ALWAYS_SEARCH_USER_PATHS = NO;
				CLANG_CXX_LANGUAGE_STANDARD = "gnu++0x";
				CLANG_CXX_LIBRARY = "libc++";
				CLANG_ENABLE_MODULES = YES;
				CLANG_ENABLE_OBJC_ARC = YES;
				CLANG_WARN_BOOL_CONVERSION = YES;
				CLANG_WARN_CONSTANT_CONVERSION = YES;
				CLANG_WARN_DIRECT_OBJC_ISA_USAGE = YES_ERROR;
				CLANG_WARN_EMPTY_BODY = YES;
				CLANG_WARN_ENUM_CONVERSION = YES;
				CLANG_WARN_INT_CONVERSION = YES;
				CLANG_WARN_OBJC_ROOT_CLASS = YES_ERROR;
				CLANG_WARN_UNREACHABLE_CODE = YES;
				CLANG_WARN__DUPLICATE_METHOD_MATCH = YES;
				CODE_SIGN_IDENTITY = "-";
				COPY_PHASE_STRIP = YES;
				DEBUG_INFORMATION_FORMAT = "dwarf-with-dsym";
				ENABLE_NS_ASSERTIONS = NO;
				ENABLE_STRICT_OBJC_MSGSEND = YES;
				GCC_C_LANGUAGE_STANDARD = gnu99;
				GCC_WARN_64_TO_32_BIT_CONVERSION = YES;
				GCC_WARN_ABOUT_RETURN_TYPE = YES_ERROR;
				GCC_WARN_UNDECLARED_SELECTOR = YES;
				GCC_WARN_UNINITIALIZED_AUTOS = YES_AGGRESSIVE;
				GCC_WARN_UNUSED_FUNCTION = YES;
				GCC_WARN_UNUSED_VARIABLE = YES;
				MACOSX_DEPLOYMENT_TARGET = 10.9;
				MTL_ENABLE_DEBUG_INFO = NO;
				SDKROOT = macosx;
			};
			name = Release;
		};
		C980BC7A19E8FD7F00398746 /* Debug */ = {
			isa = XCBuildConfiguration;
			buildSettings = {
				ASSETCATALOG_COMPILER_APPICON_NAME = AppIcon;
				COMBINE_HIDPI_IMAGES = YES;
				INFOPLIST_FILE = Info.plist;
				LD_RUNPATH_SEARCH_PATHS = "$(inherited) @executable_path/../Frameworks";
				MACOSX_DEPLOYMENT_TARGET = 10.8;
				PRODUCT_NAME = "$(TARGET_NAME)";
			};
			name = Debug;
		};
		C980BC7B19E8FD7F00398746 /* Release */ = {
			isa = XCBuildConfiguration;
			buildSettings = {
				ASSETCATALOG_COMPILER_APPICON_NAME = AppIcon;
				COMBINE_HIDPI_IMAGES = YES;
				INFOPLIST_FILE = Info.plist;
				LD_RUNPATH_SEARCH_PATHS = "$(inherited) @executable_path/../Frameworks";
				MACOSX_DEPLOYMENT_TARGET = 10.8;
				PRODUCT_NAME = "$(TARGET_NAME)";
			};
			name = Release;
		};
/* End XCBuildConfiguration section */

/* Begin XCConfigurationList section */
		C980BC5719E8FD7E00398746 /* Build configuration list for PBXProject "BitmapFontGenerator" */ = {
			isa = XCConfigurationList;
			buildConfigurations = (
				C980BC7719E8FD7F00398746 /* Debug */,
				C980BC7819E8FD7F00398746 /* Release */,
			);
			defaultConfigurationIsVisible = 0;
			defaultConfigurationName = Release;
		};
		C980BC7919E8FD7F00398746 /* Build configuration list for PBXNativeTarget "BitmapFontGenerator" */ = {
			isa = XCConfigurationList;
			buildConfigurations = (
				C980BC7A19E8FD7F00398746 /* Debug */,
				C980BC7B19E8FD7F00398746 /* Release */,
			);
			defaultConfigurationIsVisible = 0;
			defaultConfigurationName = Release;
		};
/* End XCConfigurationList section */
	};
	rootObject = C980BC5419E8FD7E00398746 /* Project object */;
}
